# THIS IS AN AUTOGENERATED FILE. DO NOT EDIT THIS FILE DIRECTLY.
# yarn lockfile v1


"@stackbit/types@^2.1.8":
  version "2.1.8"
  resolved "https://registry.npmjs.org/@stackbit/types/-/types-2.1.8.tgz#245c407e9890430f090d289403c4310a26cb2d89"
  integrity sha512-uSlQPEZMf+g7ftbidhy59XFpxTK/ggiQSfLbIy0KLaA9kRbRui7EezHtqtHU7BVHngywpRYnK9KuVJVwldhxcw==
